
Microsoft Visual Studio Solution File, Format Version 12.00
# Visual Studio Version 16
VisualStudioVersion = 16.0.31605.320
MinimumVisualStudioVersion = 10.0.40219.1
Project("{9A19103F-16F7-4668-BE54-9A1E7A4F7556}") = "Newshore.API", "Newshore.API\Newshore.API.csproj", "{D6202518-F79B-4BB0-AD94-B9662DA95CFC}"
EndProject
Project("{9A19103F-16F7-4668-BE54-9A1E7A4F7556}") = "BL", "BL\BL.csproj", "{95EE476E-4677-47D0-9969-0D85B956A24B}"
EndProject
Project("{FAE04EC0-301F-11D3-BF4B-00C04F79EFBC}") = "UnitTest", "UnitTest\UnitTest.csproj", "{D6A01A74-7A59-45F9-9569-90F9DE87E0BE}"
EndProject
Global
	GlobalSection(SolutionConfigurationPlatforms) = preSolution
		Debug|Any CPU = Debug|Any CPU
		Release|Any CPU = Release|Any CPU
	EndGlobalSection
	GlobalSection(ProjectConfigurationPlatforms) = postSolution
		{D6202518-F79B-4BB0-AD94-B9662DA95CFC}.Debug|Any CPU.ActiveCfg = Debug|Any CPU
		{D6202518-F79B-4BB0-AD94-B9662DA95CFC}.Debug|Any CPU.Build.0 = Debug|Any CPU
		{D6202518-F79B-4BB0-AD94-B9662DA95CFC}.Release|Any CPU.ActiveCfg = Release|Any CPU
		{D6202518-F79B-4BB0-AD94-B9662DA95CFC}.Release|Any CPU.Build.0 = Release|Any CPU
		{95EE476E-4677-47D0-9969-0D85B956A24B}.Debug|Any CPU.ActiveCfg = Debug|Any CPU
		{95EE476E-4677-47D0-9969-0D85B956A24B}.Debug|Any CPU.Build.0 = Debug|Any CPU
		{95EE476E-4677-47D0-9969-0D85B956A24B}.Release|Any CPU.ActiveCfg = Release|Any CPU
		{95EE476E-4677-47D0-9969-0D85B956A24B}.Release|Any CPU.Build.0 = Release|Any CPU
		{D6A01A74-7A59-45F9-9569-90F9DE87E0BE}.Debug|Any CPU.ActiveCfg = Debug|Any CPU
		{D6A01A74-7A59-45F9-9569-90F9DE87E0BE}.Debug|Any CPU.Build.0 = Debug|Any CPU
		{D6A01A74-7A59-45F9-9569-90F9DE87E0BE}.Release|Any CPU.ActiveCfg = Release|Any CPU
		{D6A01A74-7A59-45F9-9569-90F9DE87E0BE}.Release|Any CPU.Build.0 = Release|Any CPU
	EndGlobalSection
	GlobalSection(SolutionProperties) = preSolution
		HideSolutionNode = FALSE
	EndGlobalSection
	GlobalSection(ExtensibilityGlobals) = postSolution
		SolutionGuid = {E0E7D80E-3269-4F17-A2F6-326E1D464478}
	EndGlobalSection
EndGlobal
